
Microsoft Visual Studio Solution File, Format Version 12.00
# Visual Studio Version 17
VisualStudioVersion = 17.3.32929.385
MinimumVisualStudioVersion = 10.0.40219.1
Project("{FAE04EC0-301F-11D3-BF4B-00C04F79EFBC}") = "OotaAataPaatha", "OotaAataPaatha.csproj", "{6C84CAFC-36C7-43E8-9C2A-A48E36340C00}"
EndProject
Global
	GlobalSection(SolutionConfigurationPlatforms) = preSolution
		Debug|Any CPU = Debug|Any CPU
		Release|Any CPU = Release|Any CPU
	EndGlobalSection
	GlobalSection(ProjectConfigurationPlatforms) = postSolution
		{6C84CAFC-36C7-43E8-9C2A-A48E36340C00}.Debug|Any CPU.ActiveCfg = Debug|Any CPU
		{6C84CAFC-36C7-43E8-9C2A-A48E36340C00}.Debug|Any CPU.Build.0 = Debug|Any CPU
		{6C84CAFC-36C7-43E8-9C2A-A48E36340C00}.Release|Any CPU.ActiveCfg = Release|Any CPU
		{6C84CAFC-36C7-43E8-9C2A-A48E36340C00}.Release|Any CPU.Build.0 = Release|Any CPU
	EndGlobalSection
	GlobalSection(SolutionProperties) = preSolution
		HideSolutionNode = FALSE
	EndGlobalSection
	GlobalSection(ExtensibilityGlobals) = postSolution
		SolutionGuid = {DE6C1437-FA10-4651-B3BB-76792A01AAC2}
	EndGlobalSection
EndGlobal
