
Microsoft Visual Studio Solution File, Format Version 12.00
# Visual Studio 15
VisualStudioVersion = 15.0.28010.2003
MinimumVisualStudioVersion = 10.0.40219.1
Project("{FAE04EC0-301F-11D3-BF4B-00C04F79EFBC}") = "CycleCount", "CycleCount\CycleCount.csproj", "{E17C5B6F-F079-4ECA-A6BF-60A90C415056}"
EndProject
Global
	GlobalSection(SolutionConfigurationPlatforms) = preSolution
		Debug|Any CPU = Debug|Any CPU
		Release|Any CPU = Release|Any CPU
	EndGlobalSection
	GlobalSection(ProjectConfigurationPlatforms) = postSolution
		{E17C5B6F-F079-4ECA-A6BF-60A90C415056}.Debug|Any CPU.ActiveCfg = Debug|Any CPU
		{E17C5B6F-F079-4ECA-A6BF-60A90C415056}.Debug|Any CPU.Build.0 = Debug|Any CPU
		{E17C5B6F-F079-4ECA-A6BF-60A90C415056}.Release|Any CPU.ActiveCfg = Release|Any CPU
		{E17C5B6F-F079-4ECA-A6BF-60A90C415056}.Release|Any CPU.Build.0 = Release|Any CPU
	EndGlobalSection
	GlobalSection(SolutionProperties) = preSolution
		HideSolutionNode = FALSE
	EndGlobalSection
	GlobalSection(ExtensibilityGlobals) = postSolution
		SolutionGuid = {D7C43F56-7927-402D-8B68-D017B7211DD5}
	EndGlobalSection
EndGlobal
