
Microsoft Visual Studio Solution File, Format Version 12.00
# Visual Studio 15
VisualStudioVersion = 15.0.28010.2003
MinimumVisualStudioVersion = 10.0.40219.1
Project("{FAE04EC0-301F-11D3-BF4B-00C04F79EFBC}") = "soc_battle", "soc_battle\soc_battle.csproj", "{ED13D0C4-73EC-4C2A-A30F-4D829D9FA6F7}"
EndProject
Global
	GlobalSection(SolutionConfigurationPlatforms) = preSolution
		Debug|Any CPU = Debug|Any CPU
		Release|Any CPU = Release|Any CPU
	EndGlobalSection
	GlobalSection(ProjectConfigurationPlatforms) = postSolution
		{ED13D0C4-73EC-4C2A-A30F-4D829D9FA6F7}.Debug|Any CPU.ActiveCfg = Debug|Any CPU
		{ED13D0C4-73EC-4C2A-A30F-4D829D9FA6F7}.Debug|Any CPU.Build.0 = Debug|Any CPU
		{ED13D0C4-73EC-4C2A-A30F-4D829D9FA6F7}.Release|Any CPU.ActiveCfg = Release|Any CPU
		{ED13D0C4-73EC-4C2A-A30F-4D829D9FA6F7}.Release|Any CPU.Build.0 = Release|Any CPU
	EndGlobalSection
	GlobalSection(SolutionProperties) = preSolution
		HideSolutionNode = FALSE
	EndGlobalSection
	GlobalSection(ExtensibilityGlobals) = postSolution
		SolutionGuid = {D258355A-7647-4AD8-AABB-B70B05E947CF}
	EndGlobalSection
EndGlobal
