
Microsoft Visual Studio Solution File, Format Version 12.00
# Visual Studio Version 17
VisualStudioVersion = 17.3.32929.385
MinimumVisualStudioVersion = 10.0.40219.1
Project("{FAE04EC0-301F-11D3-BF4B-00C04F79EFBC}") = "dt02", "dt02\dt02.csproj", "{DAF50CF2-EBA0-4C0A-91C7-80440A44E779}"
EndProject
Global
	GlobalSection(SolutionConfigurationPlatforms) = preSolution
		Debug|Any CPU = Debug|Any CPU
		Release|Any CPU = Release|Any CPU
	EndGlobalSection
	GlobalSection(ProjectConfigurationPlatforms) = postSolution
		{DAF50CF2-EBA0-4C0A-91C7-80440A44E779}.Debug|Any CPU.ActiveCfg = Debug|Any CPU
		{DAF50CF2-EBA0-4C0A-91C7-80440A44E779}.Debug|Any CPU.Build.0 = Debug|Any CPU
		{DAF50CF2-EBA0-4C0A-91C7-80440A44E779}.Release|Any CPU.ActiveCfg = Release|Any CPU
		{DAF50CF2-EBA0-4C0A-91C7-80440A44E779}.Release|Any CPU.Build.0 = Release|Any CPU
	EndGlobalSection
	GlobalSection(SolutionProperties) = preSolution
		HideSolutionNode = FALSE
	EndGlobalSection
	GlobalSection(ExtensibilityGlobals) = postSolution
		SolutionGuid = {A7A447FF-559F-4DBE-ACCA-70FFE1924EA4}
	EndGlobalSection
EndGlobal
