
Microsoft Visual Studio Solution File, Format Version 12.00
# Visual Studio Version 17
VisualStudioVersion = 17.6.33829.357
MinimumVisualStudioVersion = 10.0.40219.1
Project("{FAE04EC0-301F-11D3-BF4B-00C04F79EFBC}") = "RWR_POC", "RWR_POC\RWR_POC.csproj", "{651C348C-4973-40EE-9303-E701104DA59B}"
EndProject
Global
	GlobalSection(SolutionConfigurationPlatforms) = preSolution
		Debug|Any CPU = Debug|Any CPU
		Release|Any CPU = Release|Any CPU
	EndGlobalSection
	GlobalSection(ProjectConfigurationPlatforms) = postSolution
		{651C348C-4973-40EE-9303-E701104DA59B}.Debug|Any CPU.ActiveCfg = Debug|Any CPU
		{651C348C-4973-40EE-9303-E701104DA59B}.Debug|Any CPU.Build.0 = Debug|Any CPU
		{651C348C-4973-40EE-9303-E701104DA59B}.Release|Any CPU.ActiveCfg = Release|Any CPU
		{651C348C-4973-40EE-9303-E701104DA59B}.Release|Any CPU.Build.0 = Release|Any CPU
	EndGlobalSection
	GlobalSection(SolutionProperties) = preSolution
		HideSolutionNode = FALSE
	EndGlobalSection
	GlobalSection(ExtensibilityGlobals) = postSolution
		SolutionGuid = {838A370E-911B-479C-B1F5-10D5F24EC52C}
	EndGlobalSection
EndGlobal
