
Microsoft Visual Studio Solution File, Format Version 12.00
# Visual Studio Version 17
VisualStudioVersion = 17.3.32929.385
MinimumVisualStudioVersion = 10.0.40219.1
Project("{9A19103F-16F7-4668-BE54-9A1E7A4F7556}") = "Scripts", "Scripts.csproj", "{95BFD430-F73C-404C-BD11-6BC08A042DA7}"
EndProject
Project("{2150E333-8FDC-42A3-9474-1A3956D46DE8}") = "Solution Items", "Solution Items", "{2558903B-23F4-4730-BBCE-7BD082D9AC82}"
	ProjectSection(SolutionItems) = preProject
		osi_layers.cs = osi_layers.cs
	EndProjectSection
EndProject
Global
	GlobalSection(SolutionConfigurationPlatforms) = preSolution
		Debug|Any CPU = Debug|Any CPU
		Release|Any CPU = Release|Any CPU
	EndGlobalSection
	GlobalSection(ProjectConfigurationPlatforms) = postSolution
		{95BFD430-F73C-404C-BD11-6BC08A042DA7}.Debug|Any CPU.ActiveCfg = Debug|Any CPU
		{95BFD430-F73C-404C-BD11-6BC08A042DA7}.Debug|Any CPU.Build.0 = Debug|Any CPU
		{95BFD430-F73C-404C-BD11-6BC08A042DA7}.Release|Any CPU.ActiveCfg = Release|Any CPU
		{95BFD430-F73C-404C-BD11-6BC08A042DA7}.Release|Any CPU.Build.0 = Release|Any CPU
	EndGlobalSection
	GlobalSection(SolutionProperties) = preSolution
		HideSolutionNode = FALSE
	EndGlobalSection
	GlobalSection(ExtensibilityGlobals) = postSolution
		SolutionGuid = {5AE193A5-D506-44C2-9B9E-E0768AE7F6B7}
	EndGlobalSection
EndGlobal
